lockfileVersion: '6.0'

importers:

  .: {}

  package/a:
    dependencies:
      lodash:
        specifier: ^4.17.21
        version: 4.17.21

  package/b:
    dependencies:
      '@surmtest/a':
        specifier: workspace:*
        version: link:../a

packages:

  /lodash@4.17.21:
    resolution: {integrity: sha512-v2kDEe57lecTulaDIuNTPy3Ry4gLGJ6Z1O3vE1krgXZNrsQ+LFTGHVxVjcXPs17LhbZVGedAJv8XZ1tvj5FvSg==}
    dev: false
