lockfileVersion: "6.0"

importers:
  .:
    dependencies:
      lodash:
        specifier: ^4.17.21
        version: 4.17.21
      typescript:
        specifier: 5.2.2
        version: 5.2.2

  package/app:
    dependencies:
      "@surma/ts":
        specifier: workspace:*
        version: link:../ts
      "@surma/vanilla_js":
        specifier: workspace:*
        version: link:../vanilla_js

  package/ts: {}

  package/vanilla_js: {}

packages:
  /lodash@4.17.21:
    resolution:
      {
        integrity: sha512-v2kDEe57lecTulaDIuNTPy3Ry4gLGJ6Z1O3vE1krgXZNrsQ+LFTGHVxVjcXPs17LhbZVGedAJv8XZ1tvj5FvSg==,
      }
    dev: false

  /typescript@5.2.2:
    resolution:
      {
        integrity: sha512-mI4WrpHsbCIcwT9cF4FZvr80QUeKvsUsUvKDoR+X/7XHQH98xYD8YHZg7ANtz2GtZt/CBq2QJ0thkGJMHfqc1w==,
      }
    engines: { node: ">=14.17" }
    hasBin: true
    dev: false
